
Microsoft Visual Studio Solution File, Format Version 12.00
# Visual Studio Version 17
VisualStudioVersion = 17.0.32112.339
MinimumVisualStudioVersion = 10.0.40219.1
Project("{2150E333-8FDC-42A3-9474-1A3956D46DE8}") = "Services", "Services", "{C4CA5ED1-3CB7-4B6E-9E9A-76550E26C5A7}"
EndProject
Project("{2150E333-8FDC-42A3-9474-1A3956D46DE8}") = "Catalog", "Catalog", "{378EB25B-58B4-453C-8A3D-B6801C80F718}"
EndProject
Project("{FAE04EC0-301F-11D3-BF4B-00C04F79EFBC}") = "Catalog.API", "Services\Catalog\Catalog.API\Catalog.API.csproj", "{ACBB9A6E-1475-4505-A771-1A54375878A8}"
EndProject
Global
	GlobalSection(SolutionConfigurationPlatforms) = preSolution
		Debug|Any CPU = Debug|Any CPU
		Release|Any CPU = Release|Any CPU
	EndGlobalSection
	GlobalSection(ProjectConfigurationPlatforms) = postSolution
		{ACBB9A6E-1475-4505-A771-1A54375878A8}.Debug|Any CPU.ActiveCfg = Debug|Any CPU
		{ACBB9A6E-1475-4505-A771-1A54375878A8}.Debug|Any CPU.Build.0 = Debug|Any CPU
		{ACBB9A6E-1475-4505-A771-1A54375878A8}.Release|Any CPU.ActiveCfg = Release|Any CPU
		{ACBB9A6E-1475-4505-A771-1A54375878A8}.Release|Any CPU.Build.0 = Release|Any CPU
	EndGlobalSection
	GlobalSection(SolutionProperties) = preSolution
		HideSolutionNode = FALSE
	EndGlobalSection
	GlobalSection(NestedProjects) = preSolution
		{378EB25B-58B4-453C-8A3D-B6801C80F718} = {C4CA5ED1-3CB7-4B6E-9E9A-76550E26C5A7}
		{ACBB9A6E-1475-4505-A771-1A54375878A8} = {378EB25B-58B4-453C-8A3D-B6801C80F718}
	EndGlobalSection
	GlobalSection(ExtensibilityGlobals) = postSolution
		SolutionGuid = {98750D69-D411-404F-8B56-66703E5F82AA}
	EndGlobalSection
EndGlobal
